
Microsoft Visual Studio Solution File, Format Version 12.00
# Visual Studio Version 17
VisualStudioVersion = 17.14.36212.18 d17.14
MinimumVisualStudioVersion = 10.0.40219.1
Project("{FAE04EC0-301F-11D3-BF4B-00C04F79EFBC}") = "FinancialForecast", "FinancialForecast\FinancialForecast.csproj", "{C9AFFA54-166B-4746-A76A-A30D5DE63CBA}"
EndProject
Global
	GlobalSection(SolutionConfigurationPlatforms) = preSolution
		Debug|Any CPU = Debug|Any CPU
		Release|Any CPU = Release|Any CPU
	EndGlobalSection
	GlobalSection(ProjectConfigurationPlatforms) = postSolution
		{C9AFFA54-166B-4746-A76A-A30D5DE63CBA}.Debug|Any CPU.ActiveCfg = Debug|Any CPU
		{C9AFFA54-166B-4746-A76A-A30D5DE63CBA}.Debug|Any CPU.Build.0 = Debug|Any CPU
		{C9AFFA54-166B-4746-A76A-A30D5DE63CBA}.Release|Any CPU.ActiveCfg = Release|Any CPU
		{C9AFFA54-166B-4746-A76A-A30D5DE63CBA}.Release|Any CPU.Build.0 = Release|Any CPU
	EndGlobalSection
	GlobalSection(SolutionProperties) = preSolution
		HideSolutionNode = FALSE
	EndGlobalSection
	GlobalSection(ExtensibilityGlobals) = postSolution
		SolutionGuid = {4FA6532F-5073-47B3-9D7C-7B26125ECA8E}
	EndGlobalSection
EndGlobal
